// !$*UTF8*$!
{
	archiveVersion = 1;
	classes = {
	};
	objectVersion = 50;
	objects = {

/* Begin PBXBuildFile section */
		423FECE9B5639165A85A158D /* Pods_Wallet.framework in Frameworks */ = {isa = PBXBuildFile; fileRef = 249520A6E6BEC7D3BEBE3808 /* Pods_Wallet.framework */; };
		C32C68C72152421700249A74 /* ChooseAssetsViewController.m in Sources */ = {isa = PBXBuildFile; fileRef = C32C68C62152421700249A74 /* ChooseAssetsViewController.m */; };
		C32C68C9215243E000249A74 /* ChooseAssetsViewCell.xib in Resources */ = {isa = PBXBuildFile; fileRef = C32C68C8215243E000249A74 /* ChooseAssetsViewCell.xib */; };
		C32C68CC2152442C00249A74 /* ChooseAssetsViewCell.m in Sources */ = {isa = PBXBuildFile; fileRef = C32C68CB2152442C00249A74 /* ChooseAssetsViewCell.m */; };
		C32C68CF215283D000249A74 /* ConfigManager.m in Sources */ = {isa = PBXBuildFile; fileRef = C32C68CE215283D000249A74 /* ConfigManager.m */; };
		C3588F75214902D700996E1A /* NSObject+HUD.m in Sources */ = {isa = PBXBuildFile; fileRef = C3588F66214902D700996E1A /* NSObject+HUD.m */; };
		C3588F76214902D700996E1A /* UIView+Extension.m in Sources */ = {isa = PBXBuildFile; fileRef = C3588F68214902D700996E1A /* UIView+Extension.m */; };
		C3588F79214902D700996E1A /* UIScrollView+VTEmpty.m in Sources */ = {isa = PBXBuildFile; fileRef = C3588F6C214902D700996E1A /* UIScrollView+VTEmpty.m */; };
		C3588F812149F1C400996E1A /* HomeViewController.m in Sources */ = {isa = PBXBuildFile; fileRef = C3588F7F2149F1C400996E1A /* HomeViewController.m */; };
		C3588F822149F1C400996E1A /* HomeViewController.xib in Resources */ = {isa = PBXBuildFile; fileRef = C3588F802149F1C400996E1A /* HomeViewController.xib */; };
		C3588F852149F48D00996E1A /* UIColor+HexColors.m in Sources */ = {isa = PBXBuildFile; fileRef = C3588F842149F48D00996E1A /* UIColor+HexColors.m */; };
		C3588F8D214A0CCD00996E1A /* SettingViewController.m in Sources */ = {isa = PBXBuildFile; fileRef = C3588F8B214A0CCD00996E1A /* SettingViewController.m */; };
		C3588F8E214A0CCD00996E1A /* SettingViewController.xib in Resources */ = {isa = PBXBuildFile; fileRef = C3588F8C214A0CCD00996E1A /* SettingViewController.xib */; };
		C3588F92214A0CDC00996E1A /* StatisticViewController.m in Sources */ = {isa = PBXBuildFile; fileRef = C3588F90214A0CDC00996E1A /* StatisticViewController.m */; };
		C3588F93214A0CDC00996E1A /* StatisticViewController.xib in Resources */ = {isa = PBXBuildFile; fileRef = C3588F91214A0CDC00996E1A /* StatisticViewController.xib */; };
		C3588F97214A0E7000996E1A /* HomeTableViewCell.m in Sources */ = {isa = PBXBuildFile; fileRef = C3588F95214A0E7000996E1A /* HomeTableViewCell.m */; };
		C3588F98214A0E7000996E1A /* HomeTableViewCell.xib in Resources */ = {isa = PBXBuildFile; fileRef = C3588F96214A0E7000996E1A /* HomeTableViewCell.xib */; };
		C376ACB7214A54BF005D378B /* ReviewViewController.m in Sources */ = {isa = PBXBuildFile; fileRef = C376ACB5214A54BF005D378B /* ReviewViewController.m */; };
		C376ACB8214A54BF005D378B /* ReviewViewController.xib in Resources */ = {isa = PBXBuildFile; fileRef = C376ACB6214A54BF005D378B /* ReviewViewController.xib */; };
		C376ACBD214A62D4005D378B /* AddRecordViewController.m in Sources */ = {isa = PBXBuildFile; fileRef = C376ACBB214A62D4005D378B /* AddRecordViewController.m */; };
		C376ACBE214A62D4005D378B /* AddRecordViewController.xib in Resources */ = {isa = PBXBuildFile; fileRef = C376ACBC214A62D4005D378B /* AddRecordViewController.xib */; };
		C376ACC4214B5616005D378B /* RecordModel.m in Sources */ = {isa = PBXBuildFile; fileRef = C376ACC3214B5616005D378B /* RecordModel.m */; };
		C376ACC7214B57B2005D378B /* DaySumMoneyModel.m in Sources */ = {isa = PBXBuildFile; fileRef = C376ACC6214B57B2005D378B /* DaySumMoneyModel.m */; };
		C376ACCA214B586F005D378B /* MonthSumMoneyModel.m in Sources */ = {isa = PBXBuildFile; fileRef = C376ACC9214B586F005D378B /* MonthSumMoneyModel.m */; };
		C376ACCD214B5931005D378B /* SumMoneyModel.m in Sources */ = {isa = PBXBuildFile; fileRef = C376ACCC214B5931005D378B /* SumMoneyModel.m */; };
		C376ACD0214B5A2D005D378B /* RecordTypeModel.m in Sources */ = {isa = PBXBuildFile; fileRef = C376ACCF214B5A2D005D378B /* RecordTypeModel.m */; };
		C376ACD3214B5FB8005D378B /* AssetsModel.m in Sources */ = {isa = PBXBuildFile; fileRef = C376ACD2214B5FB8005D378B /* AssetsModel.m */; };
		C376ACD6214B6196005D378B /* AssetsModifyRecordModel.m in Sources */ = {isa = PBXBuildFile; fileRef = C376ACD5214B6196005D378B /* AssetsModifyRecordModel.m */; };
		C376ACDA214B6820005D378B /* AssetsDao.m in Sources */ = {isa = PBXBuildFile; fileRef = C376ACD9214B6820005D378B /* AssetsDao.m */; };
		C376ACDD214B6A83005D378B /* AssetsMoneyModel.m in Sources */ = {isa = PBXBuildFile; fileRef = C376ACDC214B6A83005D378B /* AssetsMoneyModel.m */; };
		C376ACE0214B6B08005D378B /* AssetsModifyRecordDao.m in Sources */ = {isa = PBXBuildFile; fileRef = C376ACDF214B6B08005D378B /* AssetsModifyRecordDao.m */; };
		C376ACE3214B6CC3005D378B /* Dao.m in Sources */ = {isa = PBXBuildFile; fileRef = C376ACE2214B6CC3005D378B /* Dao.m */; };
		C376ACE6214B7A56005D378B /* RecordWithTypeModel.m in Sources */ = {isa = PBXBuildFile; fileRef = C376ACE5214B7A56005D378B /* RecordWithTypeModel.m */; };
		C376ACE9214B7C1D005D378B /* RecordDao.m in Sources */ = {isa = PBXBuildFile; fileRef = C376ACE8214B7C1D005D378B /* RecordDao.m */; };
		C376ACEC214B7C2D005D378B /* RecordTypeDao.m in Sources */ = {isa = PBXBuildFile; fileRef = C376ACEB214B7C2D005D378B /* RecordTypeDao.m */; };
		C376ACEF214B8D1B005D378B /* AssetsTransferRecordModel.m in Sources */ = {isa = PBXBuildFile; fileRef = C376ACEE214B8D1B005D378B /* AssetsTransferRecordModel.m */; };
		C376ACF2214C8896005D378B /* AssetsTransferRecordWithAssetsModel.m in Sources */ = {isa = PBXBuildFile; fileRef = C376ACF1214C8896005D378B /* AssetsTransferRecordWithAssetsModel.m */; };
		C376ACF5214C8905005D378B /* AssetsTransferRecordDao.m in Sources */ = {isa = PBXBuildFile; fileRef = C376ACF4214C8905005D378B /* AssetsTransferRecordDao.m */; };
		C3BFAC512149014200326BD3 /* AppDelegate.m in Sources */ = {isa = PBXBuildFile; fileRef = C3BFAC502149014200326BD3 /* AppDelegate.m */; };
		C3BFAC572149014200326BD3 /* Main.storyboard in Resources */ = {isa = PBXBuildFile; fileRef = C3BFAC552149014200326BD3 /* Main.storyboard */; };
		C3BFAC592149014300326BD3 /* Assets.xcassets in Resources */ = {isa = PBXBuildFile; fileRef = C3BFAC582149014300326BD3 /* Assets.xcassets */; };
		C3BFAC5C2149014300326BD3 /* LaunchScreen.storyboard in Resources */ = {isa = PBXBuildFile; fileRef = C3BFAC5A2149014300326BD3 /* LaunchScreen.storyboard */; };
		C3BFAC5F2149014300326BD3 /* main.m in Sources */ = {isa = PBXBuildFile; fileRef = C3BFAC5E2149014300326BD3 /* main.m */; };
		C3BFAC692149014300326BD3 /* WalletTests.m in Sources */ = {isa = PBXBuildFile; fileRef = C3BFAC682149014300326BD3 /* WalletTests.m */; };
		C3BFAC742149014300326BD3 /* WalletUITests.m in Sources */ = {isa = PBXBuildFile; fileRef = C3BFAC732149014300326BD3 /* WalletUITests.m */; };
		C3EDF140214CA80200A64483 /* DateUtils.m in Sources */ = {isa = PBXBuildFile; fileRef = C3EDF13F214CA80200A64483 /* DateUtils.m */; };
		C3EDF143214CEC4E00A64483 /* TypeSumMoneyModel.m in Sources */ = {isa = PBXBuildFile; fileRef = C3EDF142214CEC4E00A64483 /* TypeSumMoneyModel.m */; };
		C3EDF147214CF8F100A64483 /* AddTypePageItemViewCell.m in Sources */ = {isa = PBXBuildFile; fileRef = C3EDF145214CF8F100A64483 /* AddTypePageItemViewCell.m */; };
		C3EDF148214CF8F100A64483 /* AddTypePageItemViewCell.xib in Resources */ = {isa = PBXBuildFile; fileRef = C3EDF146214CF8F100A64483 /* AddTypePageItemViewCell.xib */; };
		C3EDF14B214D44AE00A64483 /* KeyboardView.m in Sources */ = {isa = PBXBuildFile; fileRef = C3EDF14A214D44AE00A64483 /* KeyboardView.m */; };
		C3EDF14D214D58F700A64483 /* KeyboardView.xib in Resources */ = {isa = PBXBuildFile; fileRef = C3EDF14C214D58F700A64483 /* KeyboardView.xib */; };
		C3EDF153214F4E4D00A64483 /* AddTypePageView.m in Sources */ = {isa = PBXBuildFile; fileRef = C3EDF152214F4E4D00A64483 /* AddTypePageView.m */; };
		C3EDF157214F561900A64483 /* AddTypePageViewCell.m in Sources */ = {isa = PBXBuildFile; fileRef = C3EDF155214F561900A64483 /* AddTypePageViewCell.m */; };
		C3EDF164214FA2A700A64483 /* TypeManagerViewController.m in Sources */ = {isa = PBXBuildFile; fileRef = C3EDF162214FA2A700A64483 /* TypeManagerViewController.m */; };
		C3EDF165214FA2A700A64483 /* TypeManagerViewController.xib in Resources */ = {isa = PBXBuildFile; fileRef = C3EDF163214FA2A700A64483 /* TypeManagerViewController.xib */; };
		C3EDF1682150942E00A64483 /* TypeTableView.m in Sources */ = {isa = PBXBuildFile; fileRef = C3EDF1672150942E00A64483 /* TypeTableView.m */; };
		C3EDF16C2150953400A64483 /* TypeTableViewCell.m in Sources */ = {isa = PBXBuildFile; fileRef = C3EDF16A2150953400A64483 /* TypeTableViewCell.m */; };
		C3EDF16D2150953400A64483 /* TypeTableViewCell.xib in Resources */ = {isa = PBXBuildFile; fileRef = C3EDF16B2150953400A64483 /* TypeTableViewCell.xib */; };
		C3EDF1712150A44900A64483 /* AddTypeViewController.m in Sources */ = {isa = PBXBuildFile; fileRef = C3EDF16F2150A44900A64483 /* AddTypeViewController.m */; };
		C3EDF1722150A44900A64483 /* AddTypeViewController.xib in Resources */ = {isa = PBXBuildFile; fileRef = C3EDF1702150A44900A64483 /* AddTypeViewController.xib */; };
		C3EDF1762150B07A00A64483 /* AddTypeViewCell.m in Sources */ = {isa = PBXBuildFile; fileRef = C3EDF1742150B07A00A64483 /* AddTypeViewCell.m */; };
		C3EDF1772150B07A00A64483 /* AddTypeViewCell.xib in Resources */ = {isa = PBXBuildFile; fileRef = C3EDF1752150B07A00A64483 /* AddTypeViewCell.xib */; };
		C3EDF17F2150FAD600A64483 /* AllAssetsViewController.m in Sources */ = {isa = PBXBuildFile; fileRef = C3EDF17D2150FAD600A64483 /* AllAssetsViewController.m */; };
		C3EDF1802150FAD600A64483 /* AllAssetsViewController.xib in Resources */ = {isa = PBXBuildFile; fileRef = C3EDF17E2150FAD600A64483 /* AllAssetsViewController.xib */; };
		C3EDF1832150FF6C00A64483 /* AssetsListView.m in Sources */ = {isa = PBXBuildFile; fileRef = C3EDF1822150FF6C00A64483 /* AssetsListView.m */; };
		C3EDF18621513E6900A64483 /* AssetsTypeModel.m in Sources */ = {isa = PBXBuildFile; fileRef = C3EDF18521513E6900A64483 /* AssetsTypeModel.m */; };
		C3EDF18B2151D51300A64483 /* AddAssetsViewController.m in Sources */ = {isa = PBXBuildFile; fileRef = C3EDF1892151D51300A64483 /* AddAssetsViewController.m */; };
		C3EDF18C2151D51300A64483 /* AddAssetsViewController.xib in Resources */ = {isa = PBXBuildFile; fileRef = C3EDF18A2151D51300A64483 /* AddAssetsViewController.xib */; };
		C3EDF18F2152005200A64483 /* BankModel.m in Sources */ = {isa = PBXBuildFile; fileRef = C3EDF18E2152005200A64483 /* BankModel.m */; };
		C3EDF192215200BC00A64483 /* BankCreator.m in Sources */ = {isa = PBXBuildFile; fileRef = C3EDF191215200BC00A64483 /* BankCreator.m */; };
		C3EDF1962152042B00A64483 /* BankViewController.m in Sources */ = {isa = PBXBuildFile; fileRef = C3EDF1952152042B00A64483 /* BankViewController.m */; };
		C3EDF19E2152200E00A64483 /* DecimalUtils.m in Sources */ = {isa = PBXBuildFile; fileRef = C3EDF19D2152200E00A64483 /* DecimalUtils.m */; };
/* End PBXBuildFile section */

/* Begin PBXContainerItemProxy section */
		C3BFAC652149014300326BD3 /* PBXContainerItemProxy */ = {
			isa = PBXContainerItemProxy;
			containerPortal = C3BFAC442149014200326BD3 /* Project object */;
			proxyType = 1;
			remoteGlobalIDString = C3BFAC4B2149014200326BD3;
			remoteInfo = Wallet;
		};
		C3BFAC702149014300326BD3 /* PBXContainerItemProxy */ = {
			isa = PBXContainerItemProxy;
			containerPortal = C3BFAC442149014200326BD3 /* Project object */;
			proxyType = 1;
			remoteGlobalIDString = C3BFAC4B2149014200326BD3;
			remoteInfo = Wallet;
		};
/* End PBXContainerItemProxy section */

/* Begin PBXFileReference section */
		1EA1B438440BFA3A3C800084 /* Pods-Wallet.debug.xcconfig */ = {isa = PBXFileReference; includeInIndex = 1; lastKnownFileType = text.xcconfig; name = "Pods-Wallet.debug.xcconfig"; path = "Pods/Target Support Files/Pods-Wallet/Pods-Wallet.debug.xcconfig"; sourceTree = "<group>"; };
		249520A6E6BEC7D3BEBE3808 /* Pods_Wallet.framework */ = {isa = PBXFileReference; explicitFileType = wrapper.framework; includeInIndex = 0; path = Pods_Wallet.framework; sourceTree = BUILT_PRODUCTS_DIR; };
		C32C68C52152421700249A74 /* ChooseAssetsViewController.h */ = {isa = PBXFileReference; lastKnownFileType = sourcecode.c.h; path = ChooseAssetsViewController.h; sourceTree = "<group>"; };
		C32C68C62152421700249A74 /* ChooseAssetsViewController.m */ = {isa = PBXFileReference; lastKnownFileType = sourcecode.c.objc; path = ChooseAssetsViewController.m; sourceTree = "<group>"; };
		C32C68C8215243E000249A74 /* ChooseAssetsViewCell.xib */ = {isa = PBXFileReference; fileEncoding = 4; lastKnownFileType = file.xib; path = ChooseAssetsViewCell.xib; sourceTree = "<group>"; };
		C32C68CA2152442C00249A74 /* ChooseAssetsViewCell.h */ = {isa = PBXFileReference; lastKnownFileType = sourcecode.c.h; path = ChooseAssetsViewCell.h; sourceTree = "<group>"; };
		C32C68CB2152442C00249A74 /* ChooseAssetsViewCell.m */ = {isa = PBXFileReference; lastKnownFileType = sourcecode.c.objc; path = ChooseAssetsViewCell.m; sourceTree = "<group>"; };
		C32C68CD215283D000249A74 /* ConfigManager.h */ = {isa = PBXFileReference; lastKnownFileType = sourcecode.c.h; path = ConfigManager.h; sourceTree = "<group>"; };
		C32C68CE215283D000249A74 /* ConfigManager.m */ = {isa = PBXFileReference; lastKnownFileType = sourcecode.c.objc; path = ConfigManager.m; sourceTree = "<group>"; };
		C3588F58214902D700996E1A /* UIView+Extension.h */ = {isa = PBXFileReference; fileEncoding = 4; lastKnownFileType = sourcecode.c.h; path = "UIView+Extension.h"; sourceTree = "<group>"; };
		C3588F5A214902D700996E1A /* NSObject+HUD.h */ = {isa = PBXFileReference; fileEncoding = 4; lastKnownFileType = sourcecode.c.h; path = "NSObject+HUD.h"; sourceTree = "<group>"; };
		C3588F5C214902D700996E1A /* UIScrollView+VTEmpty.h */ = {isa = PBXFileReference; fileEncoding = 4; lastKnownFileType = sourcecode.c.h; path = "UIScrollView+VTEmpty.h"; sourceTree = "<group>"; };
		C3588F66214902D700996E1A /* NSObject+HUD.m */ = {isa = PBXFileReference; fileEncoding = 4; lastKnownFileType = sourcecode.c.objc; path = "NSObject+HUD.m"; sourceTree = "<group>"; };
		C3588F68214902D700996E1A /* UIView+Extension.m */ = {isa = PBXFileReference; fileEncoding = 4; lastKnownFileType = sourcecode.c.objc; path = "UIView+Extension.m"; sourceTree = "<group>"; };
		C3588F6C214902D700996E1A /* UIScrollView+VTEmpty.m */ = {isa = PBXFileReference; fileEncoding = 4; lastKnownFileType = sourcecode.c.objc; path = "UIScrollView+VTEmpty.m"; sourceTree = "<group>"; };
		C3588F7C2149066B00996E1A /* PrefixHeader.pch */ = {isa = PBXFileReference; lastKnownFileType = sourcecode.c.h; path = PrefixHeader.pch; sourceTree = "<group>"; };
		C3588F7E2149F1C400996E1A /* HomeViewController.h */ = {isa = PBXFileReference; lastKnownFileType = sourcecode.c.h; path = HomeViewController.h; sourceTree = "<group>"; };
		C3588F7F2149F1C400996E1A /* HomeViewController.m */ = {isa = PBXFileReference; lastKnownFileType = sourcecode.c.objc; path = HomeViewController.m; sourceTree = "<group>"; };
		C3588F802149F1C400996E1A /* HomeViewController.xib */ = {isa = PBXFileReference; lastKnownFileType = file.xib; path = HomeViewController.xib; sourceTree = "<group>"; };
		C3588F832149F48D00996E1A /* UIColor+HexColors.h */ = {isa = PBXFileReference; fileEncoding = 4; lastKnownFileType = sourcecode.c.h; path = "UIColor+HexColors.h"; sourceTree = "<group>"; };
		C3588F842149F48D00996E1A /* UIColor+HexColors.m */ = {isa = PBXFileReference; fileEncoding = 4; lastKnownFileType = sourcecode.c.objc; path = "UIColor+HexColors.m"; sourceTree = "<group>"; };
		C3588F872149F56700996E1A /* WalletMacro.h */ = {isa = PBXFileReference; lastKnownFileType = sourcecode.c.h; path = WalletMacro.h; sourceTree = "<group>"; };
		C3588F8A214A0CCD00996E1A /* SettingViewController.h */ = {isa = PBXFileReference; lastKnownFileType = sourcecode.c.h; path = SettingViewController.h; sourceTree = "<group>"; };
		C3588F8B214A0CCD00996E1A /* SettingViewController.m */ = {isa = PBXFileReference; lastKnownFileType = sourcecode.c.objc; path = SettingViewController.m; sourceTree = "<group>"; };
		C3588F8C214A0CCD00996E1A /* SettingViewController.xib */ = {isa = PBXFileReference; lastKnownFileType = file.xib; path = SettingViewController.xib; sourceTree = "<group>"; };
		C3588F8F214A0CDC00996E1A /* StatisticViewController.h */ = {isa = PBXFileReference; lastKnownFileType = sourcecode.c.h; path = StatisticViewController.h; sourceTree = "<group>"; };
		C3588F90214A0CDC00996E1A /* StatisticViewController.m */ = {isa = PBXFileReference; lastKnownFileType = sourcecode.c.objc; path = StatisticViewController.m; sourceTree = "<group>"; };
		C3588F91214A0CDC00996E1A /* StatisticViewController.xib */ = {isa = PBXFileReference; lastKnownFileType = file.xib; path = StatisticViewController.xib; sourceTree = "<group>"; };
		C3588F94214A0E7000996E1A /* HomeTableViewCell.h */ = {isa = PBXFileReference; lastKnownFileType = sourcecode.c.h; path = HomeTableViewCell.h; sourceTree = "<group>"; };
		C3588F95214A0E7000996E1A /* HomeTableViewCell.m */ = {isa = PBXFileReference; lastKnownFileType = sourcecode.c.objc; path = HomeTableViewCell.m; sourceTree = "<group>"; };
		C3588F96214A0E7000996E1A /* HomeTableViewCell.xib */ = {isa = PBXFileReference; lastKnownFileType = file.xib; path = HomeTableViewCell.xib; sourceTree = "<group>"; };
		C376ACB4214A54BF005D378B /* ReviewViewController.h */ = {isa = PBXFileReference; lastKnownFileType = sourcecode.c.h; path = ReviewViewController.h; sourceTree = "<group>"; };
		C376ACB5214A54BF005D378B /* ReviewViewController.m */ = {isa = PBXFileReference; lastKnownFileType = sourcecode.c.objc; path = ReviewViewController.m; sourceTree = "<group>"; };
		C376ACB6214A54BF005D378B /* ReviewViewController.xib */ = {isa = PBXFileReference; lastKnownFileType = file.xib; path = ReviewViewController.xib; sourceTree = "<group>"; };
		C376ACBA214A62D4005D378B /* AddRecordViewController.h */ = {isa = PBXFileReference; lastKnownFileType = sourcecode.c.h; path = AddRecordViewController.h; sourceTree = "<group>"; };
		C376ACBB214A62D4005D378B /* AddRecordViewController.m */ = {isa = PBXFileReference; lastKnownFileType = sourcecode.c.objc; path = AddRecordViewController.m; sourceTree = "<group>"; };
		C376ACBC214A62D4005D378B /* AddRecordViewController.xib */ = {isa = PBXFileReference; lastKnownFileType = file.xib; path = AddRecordViewController.xib; sourceTree = "<group>"; };
		C376ACBF214B4C59005D378B /* WalletEnumHeader.h */ = {isa = PBXFileReference; lastKnownFileType = sourcecode.c.h; path = WalletEnumHeader.h; sourceTree = "<group>"; };
		C376ACC2214B5616005D378B /* RecordModel.h */ = {isa = PBXFileReference; lastKnownFileType = sourcecode.c.h; path = RecordModel.h; sourceTree = "<group>"; };
		C376ACC3214B5616005D378B /* RecordModel.m */ = {isa = PBXFileReference; lastKnownFileType = sourcecode.c.objc; path = RecordModel.m; sourceTree = "<group>"; };
		C376ACC5214B57B2005D378B /* DaySumMoneyModel.h */ = {isa = PBXFileReference; lastKnownFileType = sourcecode.c.h; path = DaySumMoneyModel.h; sourceTree = "<group>"; };
		C376ACC6214B57B2005D378B /* DaySumMoneyModel.m */ = {isa = PBXFileReference; lastKnownFileType = sourcecode.c.objc; path = DaySumMoneyModel.m; sourceTree = "<group>"; };
		C376ACC8214B586F005D378B /* MonthSumMoneyModel.h */ = {isa = PBXFileReference; lastKnownFileType = sourcecode.c.h; path = MonthSumMoneyModel.h; sourceTree = "<group>"; };
		C376ACC9214B586F005D378B /* MonthSumMoneyModel.m */ = {isa = PBXFileReference; lastKnownFileType = sourcecode.c.objc; path = MonthSumMoneyModel.m; sourceTree = "<group>"; };
		C376ACCB214B5931005D378B /* SumMoneyModel.h */ = {isa = PBXFileReference; lastKnownFileType = sourcecode.c.h; path = SumMoneyModel.h; sourceTree = "<group>"; };
		C376ACCC214B5931005D378B /* SumMoneyModel.m */ = {isa = PBXFileReference; lastKnownFileType = sourcecode.c.objc; path = SumMoneyModel.m; sourceTree = "<group>"; };
		C376ACCE214B5A2D005D378B /* RecordTypeModel.h */ = {isa = PBXFileReference; lastKnownFileType = sourcecode.c.h; path = RecordTypeModel.h; sourceTree = "<group>"; };
		C376ACCF214B5A2D005D378B /* RecordTypeModel.m */ = {isa = PBXFileReference; lastKnownFileType = sourcecode.c.objc; path = RecordTypeModel.m; sourceTree = "<group>"; };
		C376ACD1214B5FB8005D378B /* AssetsModel.h */ = {isa = PBXFileReference; lastKnownFileType = sourcecode.c.h; path = AssetsModel.h; sourceTree = "<group>"; };
		C376ACD2214B5FB8005D378B /* AssetsModel.m */ = {isa = PBXFileReference; lastKnownFileType = sourcecode.c.objc; path = AssetsModel.m; sourceTree = "<group>"; };
		C376ACD4214B6196005D378B /* AssetsModifyRecordModel.h */ = {isa = PBXFileReference; lastKnownFileType = sourcecode.c.h; path = AssetsModifyRecordModel.h; sourceTree = "<group>"; };
		C376ACD5214B6196005D378B /* AssetsModifyRecordModel.m */ = {isa = PBXFileReference; lastKnownFileType = sourcecode.c.objc; path = AssetsModifyRecordModel.m; sourceTree = "<group>"; };
		C376ACD8214B6820005D378B /* AssetsDao.h */ = {isa = PBXFileReference; lastKnownFileType = sourcecode.c.h; path = AssetsDao.h; sourceTree = "<group>"; };
		C376ACD9214B6820005D378B /* AssetsDao.m */ = {isa = PBXFileReference; lastKnownFileType = sourcecode.c.objc; path = AssetsDao.m; sourceTree = "<group>"; };
		C376ACDB214B6A83005D378B /* AssetsMoneyModel.h */ = {isa = PBXFileReference; lastKnownFileType = sourcecode.c.h; path = AssetsMoneyModel.h; sourceTree = "<group>"; };
		C376ACDC214B6A83005D378B /* AssetsMoneyModel.m */ = {isa = PBXFileReference; lastKnownFileType = sourcecode.c.objc; path = AssetsMoneyModel.m; sourceTree = "<group>"; };
		C376ACDE214B6B08005D378B /* AssetsModifyRecordDao.h */ = {isa = PBXFileReference; lastKnownFileType = sourcecode.c.h; path = AssetsModifyRecordDao.h; sourceTree = "<group>"; };
		C376ACDF214B6B08005D378B /* AssetsModifyRecordDao.m */ = {isa = PBXFileReference; lastKnownFileType = sourcecode.c.objc; path = AssetsModifyRecordDao.m; sourceTree = "<group>"; };
		C376ACE1214B6CC3005D378B /* Dao.h */ = {isa = PBXFileReference; lastKnownFileType = sourcecode.c.h; path = Dao.h; sourceTree = "<group>"; };
		C376ACE2214B6CC3005D378B /* Dao.m */ = {isa = PBXFileReference; lastKnownFileType = sourcecode.c.objc; path = Dao.m; sourceTree = "<group>"; };
		C376ACE4214B7A56005D378B /* RecordWithTypeModel.h */ = {isa = PBXFileReference; lastKnownFileType = sourcecode.c.h; path = RecordWithTypeModel.h; sourceTree = "<group>"; };
		C376ACE5214B7A56005D378B /* RecordWithTypeModel.m */ = {isa = PBXFileReference; lastKnownFileType = sourcecode.c.objc; path = RecordWithTypeModel.m; sourceTree = "<group>"; };
		C376ACE7214B7C1D005D378B /* RecordDao.h */ = {isa = PBXFileReference; lastKnownFileType = sourcecode.c.h; path = RecordDao.h; sourceTree = "<group>"; };
		C376ACE8214B7C1D005D378B /* RecordDao.m */ = {isa = PBXFileReference; lastKnownFileType = sourcecode.c.objc; path = RecordDao.m; sourceTree = "<group>"; };
		C376ACEA214B7C2D005D378B /* RecordTypeDao.h */ = {isa = PBXFileReference; lastKnownFileType = sourcecode.c.h; path = RecordTypeDao.h; sourceTree = "<group>"; };
		C376ACEB214B7C2D005D378B /* RecordTypeDao.m */ = {isa = PBXFileReference; lastKnownFileType = sourcecode.c.objc; path = RecordTypeDao.m; sourceTree = "<group>"; };
		C376ACED214B8D1B005D378B /* AssetsTransferRecordModel.h */ = {isa = PBXFileReference; lastKnownFileType = sourcecode.c.h; path = AssetsTransferRecordModel.h; sourceTree = "<group>"; };
		C376ACEE214B8D1B005D378B /* AssetsTransferRecordModel.m */ = {isa = PBXFileReference; lastKnownFileType = sourcecode.c.objc; path = AssetsTransferRecordModel.m; sourceTree = "<group>"; };
		C376ACF0214C8896005D378B /* AssetsTransferRecordWithAssetsModel.h */ = {isa = PBXFileReference; lastKnownFileType = sourcecode.c.h; path = AssetsTransferRecordWithAssetsModel.h; sourceTree = "<group>"; };
		C376ACF1214C8896005D378B /* AssetsTransferRecordWithAssetsModel.m */ = {isa = PBXFileReference; lastKnownFileType = sourcecode.c.objc; path = AssetsTransferRecordWithAssetsModel.m; sourceTree = "<group>"; };
		C376ACF3214C8905005D378B /* AssetsTransferRecordDao.h */ = {isa = PBXFileReference; lastKnownFileType = sourcecode.c.h; path = AssetsTransferRecordDao.h; sourceTree = "<group>"; };
		C376ACF4214C8905005D378B /* AssetsTransferRecordDao.m */ = {isa = PBXFileReference; lastKnownFileType = sourcecode.c.objc; path = AssetsTransferRecordDao.m; sourceTree = "<group>"; };
		C3BFAC4C2149014200326BD3 /* Wallet.app */ = {isa = PBXFileReference; explicitFileType = wrapper.application; includeInIndex = 0; path = Wallet.app; sourceTree = BUILT_PRODUCTS_DIR; };
		C3BFAC4F2149014200326BD3 /* AppDelegate.h */ = {isa = PBXFileReference; lastKnownFileType = sourcecode.c.h; path = AppDelegate.h; sourceTree = "<group>"; };
		C3BFAC502149014200326BD3 /* AppDelegate.m */ = {isa = PBXFileReference; lastKnownFileType = sourcecode.c.objc; path = AppDelegate.m; sourceTree = "<group>"; };
		C3BFAC562149014200326BD3 /* Base */ = {isa = PBXFileReference; lastKnownFileType = file.storyboard; name = Base; path = Base.lproj/Main.storyboard; sourceTree = "<group>"; };
		C3BFAC582149014300326BD3 /* Assets.xcassets */ = {isa = PBXFileReference; lastKnownFileType = folder.assetcatalog; path = Assets.xcassets; sourceTree = "<group>"; };
		C3BFAC5B2149014300326BD3 /* Base */ = {isa = PBXFileReference; lastKnownFileType = file.storyboard; name = Base; path = Base.lproj/LaunchScreen.storyboard; sourceTree = "<group>"; };
		C3BFAC5D2149014300326BD3 /* Info.plist */ = {isa = PBXFileReference; lastKnownFileType = text.plist.xml; path = Info.plist; sourceTree = "<group>"; };
		C3BFAC5E2149014300326BD3 /* main.m */ = {isa = PBXFileReference; lastKnownFileType = sourcecode.c.objc; path = main.m; sourceTree = "<group>"; };
		C3BFAC642149014300326BD3 /* WalletTests.xctest */ = {isa = PBXFileReference; explicitFileType = wrapper.cfbundle; includeInIndex = 0; path = WalletTests.xctest; sourceTree = BUILT_PRODUCTS_DIR; };
		C3BFAC682149014300326BD3 /* WalletTests.m */ = {isa = PBXFileReference; lastKnownFileType = sourcecode.c.objc; path = WalletTests.m; sourceTree = "<group>"; };
		C3BFAC6A2149014300326BD3 /* Info.plist */ = {isa = PBXFileReference; lastKnownFileType = text.plist.xml; path = Info.plist; sourceTree = "<group>"; };
		C3BFAC6F2149014300326BD3 /* WalletUITests.xctest */ = {isa = PBXFileReference; explicitFileType = wrapper.cfbundle; includeInIndex = 0; path = WalletUITests.xctest; sourceTree = BUILT_PRODUCTS_DIR; };
		C3BFAC732149014300326BD3 /* WalletUITests.m */ = {isa = PBXFileReference; lastKnownFileType = sourcecode.c.objc; path = WalletUITests.m; sourceTree = "<group>"; };
		C3BFAC752149014300326BD3 /* Info.plist */ = {isa = PBXFileReference; lastKnownFileType = text.plist.xml; path = Info.plist; sourceTree = "<group>"; };
		C3EDF13E214CA80200A64483 /* DateUtils.h */ = {isa = PBXFileReference; lastKnownFileType = sourcecode.c.h; path = DateUtils.h; sourceTree = "<group>"; };
		C3EDF13F214CA80200A64483 /* DateUtils.m */ = {isa = PBXFileReference; lastKnownFileType = sourcecode.c.objc; path = DateUtils.m; sourceTree = "<group>"; };
		C3EDF141214CEC4E00A64483 /* TypeSumMoneyModel.h */ = {isa = PBXFileReference; lastKnownFileType = sourcecode.c.h; path = TypeSumMoneyModel.h; sourceTree = "<group>"; };
		C3EDF142214CEC4E00A64483 /* TypeSumMoneyModel.m */ = {isa = PBXFileReference; lastKnownFileType = sourcecode.c.objc; path = TypeSumMoneyModel.m; sourceTree = "<group>"; };
		C3EDF144214CF8F100A64483 /* AddTypePageItemViewCell.h */ = {isa = PBXFileReference; lastKnownFileType = sourcecode.c.h; path = AddTypePageItemViewCell.h; sourceTree = "<group>"; };
		C3EDF145214CF8F100A64483 /* AddTypePageItemViewCell.m */ = {isa = PBXFileReference; lastKnownFileType = sourcecode.c.objc; path = AddTypePageItemViewCell.m; sourceTree = "<group>"; };
		C3EDF146214CF8F100A64483 /* AddTypePageItemViewCell.xib */ = {isa = PBXFileReference; lastKnownFileType = file.xib; path = AddTypePageItemViewCell.xib; sourceTree = "<group>"; };
		C3EDF149214D44AE00A64483 /* KeyboardView.h */ = {isa = PBXFileReference; lastKnownFileType = sourcecode.c.h; path = KeyboardView.h; sourceTree = "<group>"; };
		C3EDF14A214D44AE00A64483 /* KeyboardView.m */ = {isa = PBXFileReference; lastKnownFileType = sourcecode.c.objc; path = KeyboardView.m; sourceTree = "<group>"; };
		C3EDF14C214D58F700A64483 /* KeyboardView.xib */ = {isa = PBXFileReference; lastKnownFileType = file.xib; path = KeyboardView.xib; sourceTree = "<group>"; };
		C3EDF151214F4E4D00A64483 /* AddTypePageView.h */ = {isa = PBXFileReference; lastKnownFileType = sourcecode.c.h; path = AddTypePageView.h; sourceTree = "<group>"; };
		C3EDF152214F4E4D00A64483 /* AddTypePageView.m */ = {isa = PBXFileReference; lastKnownFileType = sourcecode.c.objc; path = AddTypePageView.m; sourceTree = "<group>"; };
		C3EDF154214F561900A64483 /* AddTypePageViewCell.h */ = {isa = PBXFileReference; lastKnownFileType = sourcecode.c.h; path = AddTypePageViewCell.h; sourceTree = "<group>"; };
		C3EDF155214F561900A64483 /* AddTypePageViewCell.m */ = {isa = PBXFileReference; lastKnownFileType = sourcecode.c.objc; path = AddTypePageViewCell.m; sourceTree = "<group>"; };
		C3EDF161214FA2A700A64483 /* TypeManagerViewController.h */ = {isa = PBXFileReference; lastKnownFileType = sourcecode.c.h; path = TypeManagerViewController.h; sourceTree = "<group>"; };
		C3EDF162214FA2A700A64483 /* TypeManagerViewController.m */ = {isa = PBXFileReference; lastKnownFileType = sourcecode.c.objc; path = TypeManagerViewController.m; sourceTree = "<group>"; };
		C3EDF163214FA2A700A64483 /* TypeManagerViewController.xib */ = {isa = PBXFileReference; lastKnownFileType = file.xib; path = TypeManagerViewController.xib; sourceTree = "<group>"; };
		C3EDF1662150942E00A64483 /* TypeTableView.h */ = {isa = PBXFileReference; lastKnownFileType = sourcecode.c.h; path = TypeTableView.h; sourceTree = "<group>"; };
		C3EDF1672150942E00A64483 /* TypeTableView.m */ = {isa = PBXFileReference; lastKnownFileType = sourcecode.c.objc; path = TypeTableView.m; sourceTree = "<group>"; };
		C3EDF1692150953400A64483 /* TypeTableViewCell.h */ = {isa = PBXFileReference; lastKnownFileType = sourcecode.c.h; path = TypeTableViewCell.h; sourceTree = "<group>"; };
		C3EDF16A2150953400A64483 /* TypeTableViewCell.m */ = {isa = PBXFileReference; lastKnownFileType = sourcecode.c.objc; path = TypeTableViewCell.m; sourceTree = "<group>"; };
		C3EDF16B2150953400A64483 /* TypeTableViewCell.xib */ = {isa = PBXFileReference; lastKnownFileType = file.xib; path = TypeTableViewCell.xib; sourceTree = "<group>"; };
		C3EDF16E2150A44900A64483 /* AddTypeViewController.h */ = {isa = PBXFileReference; lastKnownFileType = sourcecode.c.h; path = AddTypeViewController.h; sourceTree = "<group>"; };
		C3EDF16F2150A44900A64483 /* AddTypeViewController.m */ = {isa = PBXFileReference; lastKnownFileType = sourcecode.c.objc; path = AddTypeViewController.m; sourceTree = "<group>"; };
		C3EDF1702150A44900A64483 /* AddTypeViewController.xib */ = {isa = PBXFileReference; lastKnownFileType = file.xib; path = AddTypeViewController.xib; sourceTree = "<group>"; };
		C3EDF1732150B07A00A64483 /* AddTypeViewCell.h */ = {isa = PBXFileReference; lastKnownFileType = sourcecode.c.h; path = AddTypeViewCell.h; sourceTree = "<group>"; };
		C3EDF1742150B07A00A64483 /* AddTypeViewCell.m */ = {isa = PBXFileReference; lastKnownFileType = sourcecode.c.objc; path = AddTypeViewCell.m; sourceTree = "<group>"; };
		C3EDF1752150B07A00A64483 /* AddTypeViewCell.xib */ = {isa = PBXFileReference; lastKnownFileType = file.xib; path = AddTypeViewCell.xib; sourceTree = "<group>"; };
		C3EDF17C2150FAD600A64483 /* AllAssetsViewController.h */ = {isa = PBXFileReference; lastKnownFileType = sourcecode.c.h; path = AllAssetsViewController.h; sourceTree = "<group>"; };
		C3EDF17D2150FAD600A64483 /* AllAssetsViewController.m */ = {isa = PBXFileReference; lastKnownFileType = sourcecode.c.objc; path = AllAssetsViewController.m; sourceTree = "<group>"; };
		C3EDF17E2150FAD600A64483 /* AllAssetsViewController.xib */ = {isa = PBXFileReference; lastKnownFileType = file.xib; path = AllAssetsViewController.xib; sourceTree = "<group>"; };
		C3EDF1812150FF6C00A64483 /* AssetsListView.h */ = {isa = PBXFileReference; lastKnownFileType = sourcecode.c.h; path = AssetsListView.h; sourceTree = "<group>"; };
		C3EDF1822150FF6C00A64483 /* AssetsListView.m */ = {isa = PBXFileReference; lastKnownFileType = sourcecode.c.objc; path = AssetsListView.m; sourceTree = "<group>"; };
		C3EDF18421513E6900A64483 /* AssetsTypeModel.h */ = {isa = PBXFileReference; lastKnownFileType = sourcecode.c.h; path = AssetsTypeModel.h; sourceTree = "<group>"; };
		C3EDF18521513E6900A64483 /* AssetsTypeModel.m */ = {isa = PBXFileReference; lastKnownFileType = sourcecode.c.objc; path = AssetsTypeModel.m; sourceTree = "<group>"; };
		C3EDF1882151D51300A64483 /* AddAssetsViewController.h */ = {isa = PBXFileReference; lastKnownFileType = sourcecode.c.h; path = AddAssetsViewController.h; sourceTree = "<group>"; };
		C3EDF1892151D51300A64483 /* AddAssetsViewController.m */ = {isa = PBXFileReference; lastKnownFileType = sourcecode.c.objc; path = AddAssetsViewController.m; sourceTree = "<group>"; };
		C3EDF18A2151D51300A64483 /* AddAssetsViewController.xib */ = {isa = PBXFileReference; lastKnownFileType = file.xib; path = AddAssetsViewController.xib; sourceTree = "<group>"; };
		C3EDF18D2152005200A64483 /* BankModel.h */ = {isa = PBXFileReference; lastKnownFileType = sourcecode.c.h; path = BankModel.h; sourceTree = "<group>"; };
		C3EDF18E2152005200A64483 /* BankModel.m */ = {isa = PBXFileReference; lastKnownFileType = sourcecode.c.objc; path = BankModel.m; sourceTree = "<group>"; };
		C3EDF190215200BC00A64483 /* BankCreator.h */ = {isa = PBXFileReference; lastKnownFileType = sourcecode.c.h; path = BankCreator.h; sourceTree = "<group>"; };
		C3EDF191215200BC00A64483 /* BankCreator.m */ = {isa = PBXFileReference; lastKnownFileType = sourcecode.c.objc; path = BankCreator.m; sourceTree = "<group>"; };
		C3EDF1942152042B00A64483 /* BankViewController.h */ = {isa = PBXFileReference; lastKnownFileType = sourcecode.c.h; path = BankViewController.h; sourceTree = "<group>"; };
		C3EDF1952152042B00A64483 /* BankViewController.m */ = {isa = PBXFileReference; lastKnownFileType = sourcecode.c.objc; path = BankViewController.m; sourceTree = "<group>"; };
		C3EDF19C2152200E00A64483 /* DecimalUtils.h */ = {isa = PBXFileReference; lastKnownFileType = sourcecode.c.h; path = DecimalUtils.h; sourceTree = "<group>"; };
		C3EDF19D2152200E00A64483 /* DecimalUtils.m */ = {isa = PBXFileReference; lastKnownFileType = sourcecode.c.objc; path = DecimalUtils.m; sourceTree = "<group>"; };
		FA553738447CCD9FF921C36A /* Pods-Wallet.release.xcconfig */ = {isa = PBXFileReference; includeInIndex = 1; lastKnownFileType = text.xcconfig; name = "Pods-Wallet.release.xcconfig"; path = "Pods/Target Support Files/Pods-Wallet/Pods-Wallet.release.xcconfig"; sourceTree = "<group>"; };
/* End PBXFileReference section */

/* Begin PBXFrameworksBuildPhase section */
		C3BFAC492149014200326BD3 /* Frameworks */ = {
			isa = PBXFrameworksBuildPhase;
			buildActionMask = 2147483647;
			files = (
				423FECE9B5639165A85A158D /* Pods_Wallet.framework in Frameworks */,
			);
			runOnlyForDeploymentPostprocessing = 0;
		};
		C3BFAC612149014300326BD3 /* Frameworks */ = {
			isa = PBXFrameworksBuildPhase;
			buildActionMask = 2147483647;
			files = (
			);
			runOnlyForDeploymentPostprocessing = 0;
		};
		C3BFAC6C2149014300326BD3 /* Frameworks */ = {
			isa = PBXFrameworksBuildPhase;
			buildActionMask = 2147483647;
			files = (
			);
			runOnlyForDeploymentPostprocessing = 0;
		};
/* End PBXFrameworksBuildPhase section */

/* Begin PBXGroup section */
		3770FD03F268F77BB5C07F54 /* Frameworks */ = {
			isa = PBXGroup;
			children = (
				249520A6E6BEC7D3BEBE3808 /* Pods_Wallet.framework */,
			);
			name = Frameworks;
			sourceTree = "<group>";
		};
		5455996070B7D68EC89367EB /* Pods */ = {
			isa = PBXGroup;
			children = (
				1EA1B438440BFA3A3C800084 /* Pods-Wallet.debug.xcconfig */,
				FA553738447CCD9FF921C36A /* Pods-Wallet.release.xcconfig */,
			);
			name = Pods;
			sourceTree = "<group>";
		};
		C32C68C4215241F400249A74 /* Choose */ = {
			isa = PBXGroup;
			children = (
				C32C68C52152421700249A74 /* ChooseAssetsViewController.h */,
				C32C68C62152421700249A74 /* ChooseAssetsViewController.m */,
				C32C68C8215243E000249A74 /* ChooseAssetsViewCell.xib */,
				C32C68CA2152442C00249A74 /* ChooseAssetsViewCell.h */,
				C32C68CB2152442C00249A74 /* ChooseAssetsViewCell.m */,
			);
			path = Choose;
			sourceTree = "<group>";
		};
		C3588F52214902D700996E1A /* Category */ = {
			isa = PBXGroup;
			children = (
				C3588F832149F48D00996E1A /* UIColor+HexColors.h */,
				C3588F842149F48D00996E1A /* UIColor+HexColors.m */,
				C3588F58214902D700996E1A /* UIView+Extension.h */,
				C3588F5A214902D700996E1A /* NSObject+HUD.h */,
				C3588F5C214902D700996E1A /* UIScrollView+VTEmpty.h */,
				C3588F66214902D700996E1A /* NSObject+HUD.m */,
				C3588F68214902D700996E1A /* UIView+Extension.m */,
				C3588F6C214902D700996E1A /* UIScrollView+VTEmpty.m */,
			);
			path = Category;
			sourceTree = "<group>";
		};
		C3588F7D2149F16D00996E1A /* Home */ = {
			isa = PBXGroup;
			children = (
				C3588F7E2149F1C400996E1A /* HomeViewController.h */,
				C3588F7F2149F1C400996E1A /* HomeViewController.m */,
				C3588F802149F1C400996E1A /* HomeViewController.xib */,
				C3588F94214A0E7000996E1A /* HomeTableViewCell.h */,
				C3588F95214A0E7000996E1A /* HomeTableViewCell.m */,
				C3588F96214A0E7000996E1A /* HomeTableViewCell.xib */,
			);
			path = Home;
			sourceTree = "<group>";
		};
		C3588F88214A0BFB00996E1A /* Setting */ = {
			isa = PBXGroup;
			children = (
				C3588F8A214A0CCD00996E1A /* SettingViewController.h */,
				C3588F8B214A0CCD00996E1A /* SettingViewController.m */,
				C3588F8C214A0CCD00996E1A /* SettingViewController.xib */,
			);
			path = Setting;
			sourceTree = "<group>";
		};
		C3588F89214A0C0300996E1A /* Statistic */ = {
			isa = PBXGroup;
			children = (
				C3588F8F214A0CDC00996E1A /* StatisticViewController.h */,
				C3588F90214A0CDC00996E1A /* StatisticViewController.m */,
				C3588F91214A0CDC00996E1A /* StatisticViewController.xib */,
			);
			path = Statistic;
			sourceTree = "<group>";
		};
		C376ACB3214A549D005D378B /* Review */ = {
			isa = PBXGroup;
			children = (
				C376ACB4214A54BF005D378B /* ReviewViewController.h */,
				C376ACB5214A54BF005D378B /* ReviewViewController.m */,
				C376ACB6214A54BF005D378B /* ReviewViewController.xib */,
			);
			path = Review;
			sourceTree = "<group>";
		};
		C376ACB9214A62BF005D378B /* Add */ = {
			isa = PBXGroup;
			children = (
				C376ACBA214A62D4005D378B /* AddRecordViewController.h */,
				C376ACBB214A62D4005D378B /* AddRecordViewController.m */,
				C376ACBC214A62D4005D378B /* AddRecordViewController.xib */,
				C3EDF144214CF8F100A64483 /* AddTypePageItemViewCell.h */,
				C3EDF145214CF8F100A64483 /* AddTypePageItemViewCell.m */,
				C3EDF146214CF8F100A64483 /* AddTypePageItemViewCell.xib */,
				C3EDF149214D44AE00A64483 /* KeyboardView.h */,
				C3EDF14A214D44AE00A64483 /* KeyboardView.m */,
				C3EDF14C214D58F700A64483 /* KeyboardView.xib */,
				C3EDF151214F4E4D00A64483 /* AddTypePageView.h */,
				C3EDF152214F4E4D00A64483 /* AddTypePageView.m */,
				C3EDF154214F561900A64483 /* AddTypePageViewCell.h */,
				C3EDF155214F561900A64483 /* AddTypePageViewCell.m */,
			);
			path = Add;
			sourceTree = "<group>";
		};
		C376ACC0214B55C9005D378B /* Model */ = {
			isa = PBXGroup;
			children = (
				C376ACC2214B5616005D378B /* RecordModel.h */,
				C376ACC3214B5616005D378B /* RecordModel.m */,
				C376ACC5214B57B2005D378B /* DaySumMoneyModel.h */,
				C376ACC6214B57B2005D378B /* DaySumMoneyModel.m */,
				C376ACC8214B586F005D378B /* MonthSumMoneyModel.h */,
				C376ACC9214B586F005D378B /* MonthSumMoneyModel.m */,
				C376ACCB214B5931005D378B /* SumMoneyModel.h */,
				C376ACCC214B5931005D378B /* SumMoneyModel.m */,
				C376ACCE214B5A2D005D378B /* RecordTypeModel.h */,
				C376ACCF214B5A2D005D378B /* RecordTypeModel.m */,
				C376ACD1214B5FB8005D378B /* AssetsModel.h */,
				C376ACD2214B5FB8005D378B /* AssetsModel.m */,
				C376ACD4214B6196005D378B /* AssetsModifyRecordModel.h */,
				C376ACD5214B6196005D378B /* AssetsModifyRecordModel.m */,
				C376ACDB214B6A83005D378B /* AssetsMoneyModel.h */,
				C376ACDC214B6A83005D378B /* AssetsMoneyModel.m */,
				C376ACE4214B7A56005D378B /* RecordWithTypeModel.h */,
				C376ACE5214B7A56005D378B /* RecordWithTypeModel.m */,
				C376ACED214B8D1B005D378B /* AssetsTransferRecordModel.h */,
				C376ACEE214B8D1B005D378B /* AssetsTransferRecordModel.m */,
				C376ACF0214C8896005D378B /* AssetsTransferRecordWithAssetsModel.h */,
				C376ACF1214C8896005D378B /* AssetsTransferRecordWithAssetsModel.m */,
				C3EDF141214CEC4E00A64483 /* TypeSumMoneyModel.h */,
				C3EDF142214CEC4E00A64483 /* TypeSumMoneyModel.m */,
				C3EDF18421513E6900A64483 /* AssetsTypeModel.h */,
				C3EDF18521513E6900A64483 /* AssetsTypeModel.m */,
				C3EDF18D2152005200A64483 /* BankModel.h */,
				C3EDF18E2152005200A64483 /* BankModel.m */,
			);
			path = Model;
			sourceTree = "<group>";
		};
		C376ACC1214B55D8005D378B /* UI */ = {
			isa = PBXGroup;
			children = (
				C3EDF17A2150FAAA00A64483 /* Assets */,
				C3EDF1782150FA6C00A64483 /* RecordType */,
				C3EDF15E214FA22600A64483 /* Record */,
				C376ACB3214A549D005D378B /* Review */,
				C3588F89214A0C0300996E1A /* Statistic */,
				C3588F88214A0BFB00996E1A /* Setting */,
				C3588F7D2149F16D00996E1A /* Home */,
			);
			path = UI;
			sourceTree = "<group>";
		};
		C376ACD7214B6804005D378B /* Dao */ = {
			isa = PBXGroup;
			children = (
				C376ACD8214B6820005D378B /* AssetsDao.h */,
				C376ACD9214B6820005D378B /* AssetsDao.m */,
				C376ACDE214B6B08005D378B /* AssetsModifyRecordDao.h */,
				C376ACDF214B6B08005D378B /* AssetsModifyRecordDao.m */,
				C376ACE1214B6CC3005D378B /* Dao.h */,
				C376ACE2214B6CC3005D378B /* Dao.m */,
				C376ACE7214B7C1D005D378B /* RecordDao.h */,
				C376ACE8214B7C1D005D378B /* RecordDao.m */,
				C376ACEA214B7C2D005D378B /* RecordTypeDao.h */,
				C376ACEB214B7C2D005D378B /* RecordTypeDao.m */,
				C376ACF3214C8905005D378B /* AssetsTransferRecordDao.h */,
				C376ACF4214C8905005D378B /* AssetsTransferRecordDao.m */,
			);
			path = Dao;
			sourceTree = "<group>";
		};
		C3BFAC432149014200326BD3 = {
			isa = PBXGroup;
			children = (
				C3BFAC4E2149014200326BD3 /* Wallet */,
				C3BFAC672149014300326BD3 /* WalletTests */,
				C3BFAC722149014300326BD3 /* WalletUITests */,
				C3BFAC4D2149014200326BD3 /* Products */,
				5455996070B7D68EC89367EB /* Pods */,
				3770FD03F268F77BB5C07F54 /* Frameworks */,
			);
			sourceTree = "<group>";
		};
		C3BFAC4D2149014200326BD3 /* Products */ = {
			isa = PBXGroup;
			children = (
				C3BFAC4C2149014200326BD3 /* Wallet.app */,
				C3BFAC642149014300326BD3 /* WalletTests.xctest */,
				C3BFAC6F2149014300326BD3 /* WalletUITests.xctest */,
			);
			name = Products;
			sourceTree = "<group>";
		};
		C3BFAC4E2149014200326BD3 /* Wallet */ = {
			isa = PBXGroup;
			children = (
				C3EDF13D214CA7E300A64483 /* Utils */,
				C376ACD7214B6804005D378B /* Dao */,
				C376ACC1214B55D8005D378B /* UI */,
				C376ACC0214B55C9005D378B /* Model */,
				C3588F52214902D700996E1A /* Category */,
				C3BFAC4F2149014200326BD3 /* AppDelegate.h */,
				C3BFAC502149014200326BD3 /* AppDelegate.m */,
				C3BFAC552149014200326BD3 /* Main.storyboard */,
				C3BFAC582149014300326BD3 /* Assets.xcassets */,
				C3BFAC5A2149014300326BD3 /* LaunchScreen.storyboard */,
				C3BFAC5D2149014300326BD3 /* Info.plist */,
				C3BFAC5E2149014300326BD3 /* main.m */,
				C3588F7C2149066B00996E1A /* PrefixHeader.pch */,
				C3588F872149F56700996E1A /* WalletMacro.h */,
				C376ACBF214B4C59005D378B /* WalletEnumHeader.h */,
			);
			path = Wallet;
			sourceTree = "<group>";
		};
		C3BFAC672149014300326BD3 /* WalletTests */ = {
			isa = PBXGroup;
			children = (
				C3BFAC682149014300326BD3 /* WalletTests.m */,
				C3BFAC6A2149014300326BD3 /* Info.plist */,
			);
			path = WalletTests;
			sourceTree = "<group>";
		};
		C3BFAC722149014300326BD3 /* WalletUITests */ = {
			isa = PBXGroup;
			children = (
				C3BFAC732149014300326BD3 /* WalletUITests.m */,
				C3BFAC752149014300326BD3 /* Info.plist */,
			);
			path = WalletUITests;
			sourceTree = "<group>";
		};
		C3EDF13D214CA7E300A64483 /* Utils */ = {
			isa = PBXGroup;
			children = (
				C3EDF13E214CA80200A64483 /* DateUtils.h */,
				C3EDF13F214CA80200A64483 /* DateUtils.m */,
				C3EDF19C2152200E00A64483 /* DecimalUtils.h */,
				C3EDF19D2152200E00A64483 /* DecimalUtils.m */,
				C32C68CD215283D000249A74 /* ConfigManager.h */,
				C32C68CE215283D000249A74 /* ConfigManager.m */,
			);
			path = Utils;
			sourceTree = "<group>";
		};
		C3EDF15E214FA22600A64483 /* Record */ = {
			isa = PBXGroup;
			children = (
				C376ACB9214A62BF005D378B /* Add */,
			);
			path = Record;
			sourceTree = "<group>";
		};
		C3EDF15F214FA24900A64483 /* Type */ = {
			isa = PBXGroup;
			children = (
				C3EDF161214FA2A700A64483 /* TypeManagerViewController.h */,
				C3EDF162214FA2A700A64483 /* TypeManagerViewController.m */,
				C3EDF163214FA2A700A64483 /* TypeManagerViewController.xib */,
				C3EDF1662150942E00A64483 /* TypeTableView.h */,
				C3EDF1672150942E00A64483 /* TypeTableView.m */,
				C3EDF1692150953400A64483 /* TypeTableViewCell.h */,
				C3EDF16A2150953400A64483 /* TypeTableViewCell.m */,
				C3EDF16B2150953400A64483 /* TypeTableViewCell.xib */,
			);
			path = Type;
			sourceTree = "<group>";
		};
		C3EDF1782150FA6C00A64483 /* RecordType */ = {
			isa = PBXGroup;
			children = (
				C3EDF1792150FA9400A64483 /* Add */,
				C3EDF15F214FA24900A64483 /* Type */,
			);
			path = RecordType;
			sourceTree = "<group>";
		};
		C3EDF1792150FA9400A64483 /* Add */ = {
			isa = PBXGroup;
			children = (
				C3EDF16E2150A44900A64483 /* AddTypeViewController.h */,
				C3EDF16F2150A44900A64483 /* AddTypeViewController.m */,
				C3EDF1702150A44900A64483 /* AddTypeViewController.xib */,
				C3EDF1732150B07A00A64483 /* AddTypeViewCell.h */,
				C3EDF1742150B07A00A64483 /* AddTypeViewCell.m */,
				C3EDF1752150B07A00A64483 /* AddTypeViewCell.xib */,
			);
			path = Add;
			sourceTree = "<group>";
		};
		C3EDF17A2150FAAA00A64483 /* Assets */ = {
			isa = PBXGroup;
			children = (
				C32C68C4215241F400249A74 /* Choose */,
				C3EDF193215203F800A64483 /* Bank */,
				C3EDF1872151D49800A64483 /* Add */,
				C3EDF17B2150FAB600A64483 /* All */,
			);
			path = Assets;
			sourceTree = "<group>";
		};
		C3EDF17B2150FAB600A64483 /* All */ = {
			isa = PBXGroup;
			children = (
				C3EDF17C2150FAD600A64483 /* AllAssetsViewController.h */,
				C3EDF17D2150FAD600A64483 /* AllAssetsViewController.m */,
				C3EDF17E2150FAD600A64483 /* AllAssetsViewController.xib */,
				C3EDF1812150FF6C00A64483 /* AssetsListView.h */,
				C3EDF1822150FF6C00A64483 /* AssetsListView.m */,
			);
			path = All;
			sourceTree = "<group>";
		};
		C3EDF1872151D49800A64483 /* Add */ = {
			isa = PBXGroup;
			children = (
				C3EDF1882151D51300A64483 /* AddAssetsViewController.h */,
				C3EDF1892151D51300A64483 /* AddAssetsViewController.m */,
				C3EDF18A2151D51300A64483 /* AddAssetsViewController.xib */,
			);
			path = Add;
			sourceTree = "<group>";
		};
		C3EDF193215203F800A64483 /* Bank */ = {
			isa = PBXGroup;
			children = (
				C3EDF1942152042B00A64483 /* BankViewController.h */,
				C3EDF1952152042B00A64483 /* BankViewController.m */,
				C3EDF190215200BC00A64483 /* BankCreator.h */,
				C3EDF191215200BC00A64483 /* BankCreator.m */,
			);
			path = Bank;
			sourceTree = "<group>";
		};
/* End PBXGroup section */

/* Begin PBXNativeTarget section */
		C3BFAC4B2149014200326BD3 /* Wallet */ = {
			isa = PBXNativeTarget;
			buildConfigurationList = C3BFAC782149014300326BD3 /* Build configuration list for PBXNativeTarget "Wallet" */;
			buildPhases = (
				988CBC8015B3A5F0DC680286 /* [CP] Check Pods Manifest.lock */,
				C3BFAC482149014200326BD3 /* Sources */,
				C3BFAC492149014200326BD3 /* Frameworks */,
				C3BFAC4A2149014200326BD3 /* Resources */,
				09F6669F07E1C6DF8089C5C1 /* [CP] Embed Pods Frameworks */,
			);
			buildRules = (
			);
			dependencies = (
			);
			name = Wallet;
			productName = Wallet;
			productReference = C3BFAC4C2149014200326BD3 /* Wallet.app */;
			productType = "com.apple.product-type.application";
		};
		C3BFAC632149014300326BD3 /* WalletTests */ = {
			isa = PBXNativeTarget;
			buildConfigurationList = C3BFAC7B2149014300326BD3 /* Build configuration list for PBXNativeTarget "WalletTests" */;
			buildPhases = (
				C3BFAC602149014300326BD3 /* Sources */,
				C3BFAC612149014300326BD3 /* Frameworks */,
				C3BFAC622149014300326BD3 /* Resources */,
			);
			buildRules = (
			);
			dependencies = (
				C3BFAC662149014300326BD3 /* PBXTargetDependency */,
			);
			name = WalletTests;
			productName = WalletTests;
			productReference = C3BFAC642149014300326BD3 /* WalletTests.xctest */;
			productType = "com.apple.product-type.bundle.unit-test";
		};
		C3BFAC6E2149014300326BD3 /* WalletUITests */ = {
			isa = PBXNativeTarget;
			buildConfigurationList = C3BFAC7E2149014300326BD3 /* Build configuration list for PBXNativeTarget "WalletUITests" */;
			buildPhases = (
				C3BFAC6B2149014300326BD3 /* Sources */,
				C3BFAC6C2149014300326BD3 /* Frameworks */,
				C3BFAC6D2149014300326BD3 /* Resources */,
			);
			buildRules = (
			);
			dependencies = (
				C3BFAC712149014300326BD3 /* PBXTargetDependency */,
			);
			name = WalletUITests;
			productName = WalletUITests;
			productReference = C3BFAC6F2149014300326BD3 /* WalletUITests.xctest */;
			productType = "com.apple.product-type.bundle.ui-testing";
		};
/* End PBXNativeTarget section */

/* Begin PBXProject section */
		C3BFAC442149014200326BD3 /* Project object */ = {
			isa = PBXProject;
			attributes = {
				LastUpgradeCheck = 0940;
				ORGANIZATIONNAME = evan;
				TargetAttributes = {
					C3BFAC4B2149014200326BD3 = {
						CreatedOnToolsVersion = 9.4.1;
					};
					C3BFAC632149014300326BD3 = {
						CreatedOnToolsVersion = 9.4.1;
						TestTargetID = C3BFAC4B2149014200326BD3;
					};
					C3BFAC6E2149014300326BD3 = {
						CreatedOnToolsVersion = 9.4.1;
						TestTargetID = C3BFAC4B2149014200326BD3;
					};
				};
			};
			buildConfigurationList = C3BFAC472149014200326BD3 /* Build configuration list for PBXProject "Wallet" */;
			compatibilityVersion = "Xcode 9.3";
			developmentRegion = en;
			hasScannedForEncodings = 0;
			knownRegions = (
				en,
				Base,
			);
			mainGroup = C3BFAC432149014200326BD3;
			productRefGroup = C3BFAC4D2149014200326BD3 /* Products */;
			projectDirPath = "";
			projectRoot = "";
			targets = (
				C3BFAC4B2149014200326BD3 /* Wallet */,
				C3BFAC632149014300326BD3 /* WalletTests */,
				C3BFAC6E2149014300326BD3 /* WalletUITests */,
			);
		};
/* End PBXProject section */

/* Begin PBXResourcesBuildPhase section */
		C3BFAC4A2149014200326BD3 /* Resources */ = {
			isa = PBXResourcesBuildPhase;
			buildActionMask = 2147483647;
			files = (
				C3BFAC5C2149014300326BD3 /* LaunchScreen.storyboard in Resources */,
				C3588F98214A0E7000996E1A /* HomeTableViewCell.xib in Resources */,
				C32C68C9215243E000249A74 /* ChooseAssetsViewCell.xib in Resources */,
				C3EDF14D214D58F700A64483 /* KeyboardView.xib in Resources */,
				C3EDF148214CF8F100A64483 /* AddTypePageItemViewCell.xib in Resources */,
				C376ACB8214A54BF005D378B /* ReviewViewController.xib in Resources */,
				C3588F93214A0CDC00996E1A /* StatisticViewController.xib in Resources */,
				C3588F8E214A0CCD00996E1A /* SettingViewController.xib in Resources */,
				C3EDF1802150FAD600A64483 /* AllAssetsViewController.xib in Resources */,
				C376ACBE214A62D4005D378B /* AddRecordViewController.xib in Resources */,
				C3EDF1722150A44900A64483 /* AddTypeViewController.xib in Resources */,
				C3EDF18C2151D51300A64483 /* AddAssetsViewController.xib in Resources */,
				C3BFAC592149014300326BD3 /* Assets.xcassets in Resources */,
				C3EDF16D2150953400A64483 /* TypeTableViewCell.xib in Resources */,
				C3EDF1772150B07A00A64483 /* AddTypeViewCell.xib in Resources */,
				C3BFAC572149014200326BD3 /* Main.storyboard in Resources */,
				C3EDF165214FA2A700A64483 /* TypeManagerViewController.xib in Resources */,
				C3588F822149F1C400996E1A /* HomeViewController.xib in Resources */,
			);
			runOnlyForDeploymentPostprocessing = 0;
		};
		C3BFAC622149014300326BD3 /* Resources */ = {
			isa = PBXResourcesBuildPhase;
			buildActionMask = 2147483647;
			files = (
			);
			runOnlyForDeploymentPostprocessing = 0;
		};
		C3BFAC6D2149014300326BD3 /* Resources */ = {
			isa = PBXResourcesBuildPhase;
			buildActionMask = 2147483647;
			files = (
			);
			runOnlyForDeploymentPostprocessing = 0;
		};
/* End PBXResourcesBuildPhase section */

/* Begin PBXShellScriptBuildPhase section */
		09F6669F07E1C6DF8089C5C1 /* [CP] Embed Pods Frameworks */ = {
			isa = PBXShellScriptBuildPhase;
			buildActionMask = 2147483647;
			files = (
			);
			inputPaths = (
				"${SRCROOT}/Pods/Target Support Files/Pods-Wallet/Pods-Wallet-frameworks.sh",
				"${BUILT_PRODUCTS_DIR}/AFNetworking/AFNetworking.framework",
				"${BUILT_PRODUCTS_DIR}/DZNEmptyDataSet/DZNEmptyDataSet.framework",
				"${BUILT_PRODUCTS_DIR}/FMDB/FMDB.framework",
				"${BUILT_PRODUCTS_DIR}/MBProgressHUD/MBProgressHUD.framework",
				"${BUILT_PRODUCTS_DIR}/MJExtension/MJExtension.framework",
				"${BUILT_PRODUCTS_DIR}/MJRefresh/MJRefresh.framework",
				"${BUILT_PRODUCTS_DIR}/Masonry/Masonry.framework",
				"${BUILT_PRODUCTS_DIR}/SDCycleScrollView/SDCycleScrollView.framework",
				"${BUILT_PRODUCTS_DIR}/SDWebImage/SDWebImage.framework",
				"${BUILT_PRODUCTS_DIR}/SafeKit/SafeKit.framework",
				"${BUILT_PRODUCTS_DIR}/XLPagerTabStrip/XLPagerTabStrip.framework",
			);
			name = "[CP] Embed Pods Frameworks";
			outputPaths = (
				"${TARGET_BUILD_DIR}/${FRAMEWORKS_FOLDER_PATH}/AFNetworking.framework",
				"${TARGET_BUILD_DIR}/${FRAMEWORKS_FOLDER_PATH}/DZNEmptyDataSet.framework",
				"${TARGET_BUILD_DIR}/${FRAMEWORKS_FOLDER_PATH}/FMDB.framework",
				"${TARGET_BUILD_DIR}/${FRAMEWORKS_FOLDER_PATH}/MBProgressHUD.framework",
				"${TARGET_BUILD_DIR}/${FRAMEWORKS_FOLDER_PATH}/MJExtension.framework",
				"${TARGET_BUILD_DIR}/${FRAMEWORKS_FOLDER_PATH}/MJRefresh.framework",
				"${TARGET_BUILD_DIR}/${FRAMEWORKS_FOLDER_PATH}/Masonry.framework",
				"${TARGET_BUILD_DIR}/${FRAMEWORKS_FOLDER_PATH}/SDCycleScrollView.framework",
				"${TARGET_BUILD_DIR}/${FRAMEWORKS_FOLDER_PATH}/SDWebImage.framework",
				"${TARGET_BUILD_DIR}/${FRAMEWORKS_FOLDER_PATH}/SafeKit.framework",
				"${TARGET_BUILD_DIR}/${FRAMEWORKS_FOLDER_PATH}/XLPagerTabStrip.framework",
			);
			runOnlyForDeploymentPostprocessing = 0;
			shellPath = /bin/sh;
			shellScript = "\"${SRCROOT}/Pods/Target Support Files/Pods-Wallet/Pods-Wallet-frameworks.sh\"\n";
			showEnvVarsInLog = 0;
		};
		988CBC8015B3A5F0DC680286 /* [CP] Check Pods Manifest.lock */ = {
			isa = PBXShellScriptBuildPhase;
			buildActionMask = 2147483647;
			files = (
			);
			inputPaths = (
				"${PODS_PODFILE_DIR_PATH}/Podfile.lock",
				"${PODS_ROOT}/Manifest.lock",
			);
			name = "[CP] Check Pods Manifest.lock";
			outputPaths = (
				"$(DERIVED_FILE_DIR)/Pods-Wallet-checkManifestLockResult.txt",
			);
			runOnlyForDeploymentPostprocessing = 0;
			shellPath = /bin/sh;
			shellScript = "diff \"${PODS_PODFILE_DIR_PATH}/Podfile.lock\" \"${PODS_ROOT}/Manifest.lock\" > /dev/null\nif [ $? != 0 ] ; then\n    # print error to STDERR\n    echo \"error: The sandbox is not in sync with the Podfile.lock. Run 'pod install' or update your CocoaPods installation.\" >&2\n    exit 1\nfi\n# This output is used by Xcode 'outputs' to avoid re-running this script phase.\necho \"SUCCESS\" > \"${SCRIPT_OUTPUT_FILE_0}\"\n";
			showEnvVarsInLog = 0;
		};
/* End PBXShellScriptBuildPhase section */

/* Begin PBXSourcesBuildPhase section */
		C3BFAC482149014200326BD3 /* Sources */ = {
			isa = PBXSourcesBuildPhase;
			buildActionMask = 2147483647;
			files = (
				C3588F76214902D700996E1A /* UIView+Extension.m in Sources */,
				C3BFAC5F2149014300326BD3 /* main.m in Sources */,
				C3588F97214A0E7000996E1A /* HomeTableViewCell.m in Sources */,
				C376ACE3214B6CC3005D378B /* Dao.m in Sources */,
				C3EDF1832150FF6C00A64483 /* AssetsListView.m in Sources */,
				C3EDF147214CF8F100A64483 /* AddTypePageItemViewCell.m in Sources */,
				C376ACBD214A62D4005D378B /* AddRecordViewController.m in Sources */,
				C3EDF1682150942E00A64483 /* TypeTableView.m in Sources */,
				C3EDF17F2150FAD600A64483 /* AllAssetsViewController.m in Sources */,
				C3EDF19E2152200E00A64483 /* DecimalUtils.m in Sources */,
				C3EDF1712150A44900A64483 /* AddTypeViewController.m in Sources */,
				C3EDF192215200BC00A64483 /* BankCreator.m in Sources */,
				C3EDF14B214D44AE00A64483 /* KeyboardView.m in Sources */,
				C3BFAC512149014200326BD3 /* AppDelegate.m in Sources */,
				C32C68CC2152442C00249A74 /* ChooseAssetsViewCell.m in Sources */,
				C3EDF1762150B07A00A64483 /* AddTypeViewCell.m in Sources */,
				C376ACE6214B7A56005D378B /* RecordWithTypeModel.m in Sources */,
				C3EDF18621513E6900A64483 /* AssetsTypeModel.m in Sources */,
				C376ACCA214B586F005D378B /* MonthSumMoneyModel.m in Sources */,
				C3EDF18F2152005200A64483 /* BankModel.m in Sources */,
				C3EDF16C2150953400A64483 /* TypeTableViewCell.m in Sources */,
				C376ACC7214B57B2005D378B /* DaySumMoneyModel.m in Sources */,
				C376ACF5214C8905005D378B /* AssetsTransferRecordDao.m in Sources */,
				C3EDF1962152042B00A64483 /* BankViewController.m in Sources */,
				C3588F75214902D700996E1A /* NSObject+HUD.m in Sources */,
				C376ACD3214B5FB8005D378B /* AssetsModel.m in Sources */,
				C3EDF164214FA2A700A64483 /* TypeManagerViewController.m in Sources */,
				C376ACCD214B5931005D378B /* SumMoneyModel.m in Sources */,
				C3588F852149F48D00996E1A /* UIColor+HexColors.m in Sources */,
				C376ACB7214A54BF005D378B /* ReviewViewController.m in Sources */,
				C376ACE0214B6B08005D378B /* AssetsModifyRecordDao.m in Sources */,
				C3588F812149F1C400996E1A /* HomeViewController.m in Sources */,
				C3EDF18B2151D51300A64483 /* AddAssetsViewController.m in Sources */,
				C376ACC4214B5616005D378B /* RecordModel.m in Sources */,
				C376ACEC214B7C2D005D378B /* RecordTypeDao.m in Sources */,
				C3EDF153214F4E4D00A64483 /* AddTypePageView.m in Sources */,
				C3EDF140214CA80200A64483 /* DateUtils.m in Sources */,
				C3EDF157214F561900A64483 /* AddTypePageViewCell.m in Sources */,
				C3588F92214A0CDC00996E1A /* StatisticViewController.m in Sources */,
				C32C68C72152421700249A74 /* ChooseAssetsViewController.m in Sources */,
				C3EDF143214CEC4E00A64483 /* TypeSumMoneyModel.m in Sources */,
				C376ACF2214C8896005D378B /* AssetsTransferRecordWithAssetsModel.m in Sources */,
				C376ACD6214B6196005D378B /* AssetsModifyRecordModel.m in Sources */,
				C376ACEF214B8D1B005D378B /* AssetsTransferRecordModel.m in Sources */,
				C376ACE9214B7C1D005D378B /* RecordDao.m in Sources */,
				C376ACDD214B6A83005D378B /* AssetsMoneyModel.m in Sources */,
				C376ACD0214B5A2D005D378B /* RecordTypeModel.m in Sources */,
				C376ACDA214B6820005D378B /* AssetsDao.m in Sources */,
				C3588F79214902D700996E1A /* UIScrollView+VTEmpty.m in Sources */,
				C3588F8D214A0CCD00996E1A /* SettingViewController.m in Sources */,
				C32C68CF215283D000249A74 /* ConfigManager.m in Sources */,
			);
			runOnlyForDeploymentPostprocessing = 0;
		};
		C3BFAC602149014300326BD3 /* Sources */ = {
			isa = PBXSourcesBuildPhase;
			buildActionMask = 2147483647;
			files = (
				C3BFAC692149014300326BD3 /* WalletTests.m in Sources */,
			);
			runOnlyForDeploymentPostprocessing = 0;
		};
		C3BFAC6B2149014300326BD3 /* Sources */ = {
			isa = PBXSourcesBuildPhase;
			buildActionMask = 2147483647;
			files = (
				C3BFAC742149014300326BD3 /* WalletUITests.m in Sources */,
			);
			runOnlyForDeploymentPostprocessing = 0;
		};
/* End PBXSourcesBuildPhase section */

/* Begin PBXTargetDependency section */
		C3BFAC662149014300326BD3 /* PBXTargetDependency */ = {
			isa = PBXTargetDependency;
			target = C3BFAC4B2149014200326BD3 /* Wallet */;
			targetProxy = C3BFAC652149014300326BD3 /* PBXContainerItemProxy */;
		};
		C3BFAC712149014300326BD3 /* PBXTargetDependency */ = {
			isa = PBXTargetDependency;
			target = C3BFAC4B2149014200326BD3 /* Wallet */;
			targetProxy = C3BFAC702149014300326BD3 /* PBXContainerItemProxy */;
		};
/* End PBXTargetDependency section */

/* Begin PBXVariantGroup section */
		C3BFAC552149014200326BD3 /* Main.storyboard */ = {
			isa = PBXVariantGroup;
			children = (
				C3BFAC562149014200326BD3 /* Base */,
			);
			name = Main.storyboard;
			sourceTree = "<group>";
		};
		C3BFAC5A2149014300326BD3 /* LaunchScreen.storyboard */ = {
			isa = PBXVariantGroup;
			children = (
				C3BFAC5B2149014300326BD3 /* Base */,
			);
			name = LaunchScreen.storyboard;
			sourceTree = "<group>";
		};
/* End PBXVariantGroup section */

/* Begin XCBuildConfiguration section */
		C3BFAC762149014300326BD3 /* Debug */ = {
			isa = XCBuildConfiguration;
			buildSettings = {
				ALWAYS_SEARCH_USER_PATHS = NO;
				CLANG_ANALYZER_NONNULL = YES;
				CLANG_ANALYZER_NUMBER_OBJECT_CONVERSION = YES_AGGRESSIVE;
				CLANG_CXX_LANGUAGE_STANDARD = "gnu++14";
				CLANG_CXX_LIBRARY = "libc++";
				CLANG_ENABLE_MODULES = YES;
				CLANG_ENABLE_OBJC_ARC = YES;
				CLANG_ENABLE_OBJC_WEAK = YES;
				CLANG_WARN_BLOCK_CAPTURE_AUTORELEASING = YES;
				CLANG_WARN_BOOL_CONVERSION = YES;
				CLANG_WARN_COMMA = YES;
				CLANG_WARN_CONSTANT_CONVERSION = YES;
				CLANG_WARN_DEPRECATED_OBJC_IMPLEMENTATIONS = YES;
				CLANG_WARN_DIRECT_OBJC_ISA_USAGE = YES_ERROR;
				CLANG_WARN_DOCUMENTATION_COMMENTS = YES;
				CLANG_WARN_EMPTY_BODY = YES;
				CLANG_WARN_ENUM_CONVERSION = YES;
				CLANG_WARN_INFINITE_RECURSION = YES;
				CLANG_WARN_INT_CONVERSION = YES;
				CLANG_WARN_NON_LITERAL_NULL_CONVERSION = YES;
				CLANG_WARN_OBJC_IMPLICIT_RETAIN_SELF = YES;
				CLANG_WARN_OBJC_LITERAL_CONVERSION = YES;
				CLANG_WARN_OBJC_ROOT_CLASS = YES_ERROR;
				CLANG_WARN_RANGE_LOOP_ANALYSIS = YES;
				CLANG_WARN_STRICT_PROTOTYPES = YES;
				CLANG_WARN_SUSPICIOUS_MOVE = YES;
				CLANG_WARN_UNGUARDED_AVAILABILITY = YES_AGGRESSIVE;
				CLANG_WARN_UNREACHABLE_CODE = YES;
				CLANG_WARN__DUPLICATE_METHOD_MATCH = YES;
				CODE_SIGN_IDENTITY = "iPhone Developer";
				COPY_PHASE_STRIP = NO;
				DEBUG_INFORMATION_FORMAT = dwarf;
				ENABLE_STRICT_OBJC_MSGSEND = YES;
				ENABLE_TESTABILITY = YES;
				GCC_C_LANGUAGE_STANDARD = gnu11;
				GCC_DYNAMIC_NO_PIC = NO;
				GCC_NO_COMMON_BLOCKS = YES;
				GCC_OPTIMIZATION_LEVEL = 0;
				GCC_PREPROCESSOR_DEFINITIONS = (
					"DEBUG=1",
					"$(inherited)",
				);
				GCC_WARN_64_TO_32_BIT_CONVERSION = YES;
				GCC_WARN_ABOUT_RETURN_TYPE = YES_ERROR;
				GCC_WARN_UNDECLARED_SELECTOR = YES;
				GCC_WARN_UNINITIALIZED_AUTOS = YES_AGGRESSIVE;
				GCC_WARN_UNUSED_FUNCTION = YES;
				GCC_WARN_UNUSED_VARIABLE = YES;
				IPHONEOS_DEPLOYMENT_TARGET = 11.4;
				MTL_ENABLE_DEBUG_INFO = YES;
				ONLY_ACTIVE_ARCH = YES;
				SDKROOT = iphoneos;
			};
			name = Debug;
		};
		C3BFAC772149014300326BD3 /* Release */ = {
			isa = XCBuildConfiguration;
			buildSettings = {
				ALWAYS_SEARCH_USER_PATHS = NO;
				CLANG_ANALYZER_NONNULL = YES;
				CLANG_ANALYZER_NUMBER_OBJECT_CONVERSION = YES_AGGRESSIVE;
				CLANG_CXX_LANGUAGE_STANDARD = "gnu++14";
				CLANG_CXX_LIBRARY = "libc++";
				CLANG_ENABLE_MODULES = YES;
				CLANG_ENABLE_OBJC_ARC = YES;
				CLANG_ENABLE_OBJC_WEAK = YES;
				CLANG_WARN_BLOCK_CAPTURE_AUTORELEASING = YES;
				CLANG_WARN_BOOL_CONVERSION = YES;
				CLANG_WARN_COMMA = YES;
				CLANG_WARN_CONSTANT_CONVERSION = YES;
				CLANG_WARN_DEPRECATED_OBJC_IMPLEMENTATIONS = YES;
				CLANG_WARN_DIRECT_OBJC_ISA_USAGE = YES_ERROR;
				CLANG_WARN_DOCUMENTATION_COMMENTS = YES;
				CLANG_WARN_EMPTY_BODY = YES;
				CLANG_WARN_ENUM_CONVERSION = YES;
				CLANG_WARN_INFINITE_RECURSION = YES;
				CLANG_WARN_INT_CONVERSION = YES;
				CLANG_WARN_NON_LITERAL_NULL_CONVERSION = YES;
				CLANG_WARN_OBJC_IMPLICIT_RETAIN_SELF = YES;
				CLANG_WARN_OBJC_LITERAL_CONVERSION = YES;
				CLANG_WARN_OBJC_ROOT_CLASS = YES_ERROR;
				CLANG_WARN_RANGE_LOOP_ANALYSIS = YES;
				CLANG_WARN_STRICT_PROTOTYPES = YES;
				CLANG_WARN_SUSPICIOUS_MOVE = YES;
				CLANG_WARN_UNGUARDED_AVAILABILITY = YES_AGGRESSIVE;
				CLANG_WARN_UNREACHABLE_CODE = YES;
				CLANG_WARN__DUPLICATE_METHOD_MATCH = YES;
				CODE_SIGN_IDENTITY = "iPhone Developer";
				COPY_PHASE_STRIP = NO;
				DEBUG_INFORMATION_FORMAT = "dwarf-with-dsym";
				ENABLE_NS_ASSERTIONS = NO;
				ENABLE_STRICT_OBJC_MSGSEND = YES;
				GCC_C_LANGUAGE_STANDARD = gnu11;
				GCC_NO_COMMON_BLOCKS = YES;
				GCC_WARN_64_TO_32_BIT_CONVERSION = YES;
				GCC_WARN_ABOUT_RETURN_TYPE = YES_ERROR;
				GCC_WARN_UNDECLARED_SELECTOR = YES;
				GCC_WARN_UNINITIALIZED_AUTOS = YES_AGGRESSIVE;
				GCC_WARN_UNUSED_FUNCTION = YES;
				GCC_WARN_UNUSED_VARIABLE = YES;
				IPHONEOS_DEPLOYMENT_TARGET = 11.4;
				MTL_ENABLE_DEBUG_INFO = NO;
				SDKROOT = iphoneos;
				VALIDATE_PRODUCT = YES;
			};
			name = Release;
		};
		C3BFAC792149014300326BD3 /* Debug */ = {
			isa = XCBuildConfiguration;
			baseConfigurationReference = 1EA1B438440BFA3A3C800084 /* Pods-Wallet.debug.xcconfig */;
			buildSettings = {
				ASSETCATALOG_COMPILER_APPICON_NAME = AppIcon;
				ASSETCATALOG_COMPILER_LAUNCHIMAGE_NAME = LaunchImage;
				CODE_SIGN_STYLE = Automatic;
				DEVELOPMENT_TEAM = GDKG5KV62T;
				GCC_PRECOMPILE_PREFIX_HEADER = YES;
				GCC_PREFIX_HEADER = "$(SRCROOT)/Wallet/PrefixHeader.pch";
				INFOPLIST_FILE = Wallet/Info.plist;
				IPHONEOS_DEPLOYMENT_TARGET = 9.0;
				LD_RUNPATH_SEARCH_PATHS = (
					"$(inherited)",
					"@executable_path/Frameworks",
				);
				PRODUCT_BUNDLE_IDENTIFIER = com.evan.Wallet;
				PRODUCT_NAME = "$(TARGET_NAME)";
				TARGETED_DEVICE_FAMILY = "1,2";
			};
			name = Debug;
		};
		C3BFAC7A2149014300326BD3 /* Release */ = {
			isa = XCBuildConfiguration;
			baseConfigurationReference = FA553738447CCD9FF921C36A /* Pods-Wallet.release.xcconfig */;
			buildSettings = {
				ASSETCATALOG_COMPILER_APPICON_NAME = AppIcon;
				ASSETCATALOG_COMPILER_LAUNCHIMAGE_NAME = LaunchImage;
				CODE_SIGN_STYLE = Automatic;
				DEVELOPMENT_TEAM = GDKG5KV62T;
				GCC_PRECOMPILE_PREFIX_HEADER = YES;
				GCC_PREFIX_HEADER = "$(SRCROOT)/Wallet/PrefixHeader.pch";
				INFOPLIST_FILE = Wallet/Info.plist;
				IPHONEOS_DEPLOYMENT_TARGET = 9.0;
				LD_RUNPATH_SEARCH_PATHS = (
					"$(inherited)",
					"@executable_path/Frameworks",
				);
				PRODUCT_BUNDLE_IDENTIFIER = com.evan.Wallet;
				PRODUCT_NAME = "$(TARGET_NAME)";
				TARGETED_DEVICE_FAMILY = "1,2";
			};
			name = Release;
		};
		C3BFAC7C2149014300326BD3 /* Debug */ = {
			isa = XCBuildConfiguration;
			buildSettings = {
				BUNDLE_LOADER = "$(TEST_HOST)";
				CODE_SIGN_STYLE = Automatic;
				DEVELOPMENT_TEAM = GDKG5KV62T;
				INFOPLIST_FILE = WalletTests/Info.plist;
				LD_RUNPATH_SEARCH_PATHS = (
					"$(inherited)",
					"@executable_path/Frameworks",
					"@loader_path/Frameworks",
				);
				PRODUCT_BUNDLE_IDENTIFIER = com.evan.WalletTests;
				PRODUCT_NAME = "$(TARGET_NAME)";
				TARGETED_DEVICE_FAMILY = "1,2";
				TEST_HOST = "$(BUILT_PRODUCTS_DIR)/Wallet.app/Wallet";
			};
			name = Debug;
		};
		C3BFAC7D2149014300326BD3 /* Release */ = {
			isa = XCBuildConfiguration;
			buildSettings = {
				BUNDLE_LOADER = "$(TEST_HOST)";
				CODE_SIGN_STYLE = Automatic;
				DEVELOPMENT_TEAM = GDKG5KV62T;
				INFOPLIST_FILE = WalletTests/Info.plist;
				LD_RUNPATH_SEARCH_PATHS = (
					"$(inherited)",
					"@executable_path/Frameworks",
					"@loader_path/Frameworks",
				);
				PRODUCT_BUNDLE_IDENTIFIER = com.evan.WalletTests;
				PRODUCT_NAME = "$(TARGET_NAME)";
				TARGETED_DEVICE_FAMILY = "1,2";
				TEST_HOST = "$(BUILT_PRODUCTS_DIR)/Wallet.app/Wallet";
			};
			name = Release;
		};
		C3BFAC7F2149014300326BD3 /* Debug */ = {
			isa = XCBuildConfiguration;
			buildSettings = {
				CODE_SIGN_STYLE = Automatic;
				DEVELOPMENT_TEAM = GDKG5KV62T;
				INFOPLIST_FILE = WalletUITests/Info.plist;
				LD_RUNPATH_SEARCH_PATHS = (
					"$(inherited)",
					"@executable_path/Frameworks",
					"@loader_path/Frameworks",
				);
				PRODUCT_BUNDLE_IDENTIFIER = com.evan.WalletUITests;
				PRODUCT_NAME = "$(TARGET_NAME)";
				TARGETED_DEVICE_FAMILY = "1,2";
				TEST_TARGET_NAME = Wallet;
			};
			name = Debug;
		};
		C3BFAC802149014300326BD3 /* Release */ = {
			isa = XCBuildConfiguration;
			buildSettings = {
				CODE_SIGN_STYLE = Automatic;
				DEVELOPMENT_TEAM = GDKG5KV62T;
				INFOPLIST_FILE = WalletUITests/Info.plist;
				LD_RUNPATH_SEARCH_PATHS = (
					"$(inherited)",
					"@executable_path/Frameworks",
					"@loader_path/Frameworks",
				);
				PRODUCT_BUNDLE_IDENTIFIER = com.evan.WalletUITests;
				PRODUCT_NAME = "$(TARGET_NAME)";
				TARGETED_DEVICE_FAMILY = "1,2";
				TEST_TARGET_NAME = Wallet;
			};
			name = Release;
		};
/* End XCBuildConfiguration section */

/* Begin XCConfigurationList section */
		C3BFAC472149014200326BD3 /* Build configuration list for PBXProject "Wallet" */ = {
			isa = XCConfigurationList;
			buildConfigurations = (
				C3BFAC762149014300326BD3 /* Debug */,
				C3BFAC772149014300326BD3 /* Release */,
			);
			defaultConfigurationIsVisible = 0;
			defaultConfigurationName = Release;
		};
		C3BFAC782149014300326BD3 /* Build configuration list for PBXNativeTarget "Wallet" */ = {
			isa = XCConfigurationList;
			buildConfigurations = (
				C3BFAC792149014300326BD3 /* Debug */,
				C3BFAC7A2149014300326BD3 /* Release */,
			);
			defaultConfigurationIsVisible = 0;
			defaultConfigurationName = Release;
		};
		C3BFAC7B2149014300326BD3 /* Build configuration list for PBXNativeTarget "WalletTests" */ = {
			isa = XCConfigurationList;
			buildConfigurations = (
				C3BFAC7C2149014300326BD3 /* Debug */,
				C3BFAC7D2149014300326BD3 /* Release */,
			);
			defaultConfigurationIsVisible = 0;
			defaultConfigurationName = Release;
		};
		C3BFAC7E2149014300326BD3 /* Build configuration list for PBXNativeTarget "WalletUITests" */ = {
			isa = XCConfigurationList;
			buildConfigurations = (
				C3BFAC7F2149014300326BD3 /* Debug */,
				C3BFAC802149014300326BD3 /* Release */,
			);
			defaultConfigurationIsVisible = 0;
			defaultConfigurationName = Release;
		};
/* End XCConfigurationList section */
	};
	rootObject = C3BFAC442149014200326BD3 /* Project object */;
}
